// !$*UTF8*$!
{
	archiveVersion = 1;
	classes = {
	};
	objectVersion = 46;
	objects = {

/* Begin PBXBuildFile section */
		7DA5E2191C7867C0000F9BAE /* main.m in Sources */ = {isa = PBXBuildFile; fileRef = 7DA5E2181C7867C0000F9BAE /* main.m */; };
		7DA5E2211C7868BD000F9BAE /* Persona.m in Sources */ = {isa = PBXBuildFile; fileRef = 7DA5E2201C7868BD000F9BAE /* Persona.m */; };
/* End PBXBuildFile section */

/* Begin PBXCopyFilesBuildPhase section */
		7DA5E2131C7867C0000F9BAE /* CopyFiles */ = {
			isa = PBXCopyFilesBuildPhase;
			buildActionMask = 2147483647;
			dstPath = /usr/share/man/man1/;
			dstSubfolderSpec = 0;
			files = (
			);
			runOnlyForDeploymentPostprocessing = 1;
		};
/* End PBXCopyFilesBuildPhase section */

/* Begin PBXFileReference section */
		7DA5E2151C7867C0000F9BAE /* sabado20 */ = {isa = PBXFileReference; explicitFileType = "compiled.mach-o.executable"; includeInIndex = 0; path = sabado20; sourceTree = BUILT_PRODUCTS_DIR; };
		7DA5E2181C7867C0000F9BAE /* main.m */ = {isa = PBXFileReference; lastKnownFileType = sourcecode.c.objc; path = main.m; sourceTree = "<group>"; };
		7DA5E21F1C78687D000F9BAE /* Persona.h */ = {isa = PBXFileReference; lastKnownFileType = sourcecode.c.h; path = Persona.h; sourceTree = "<group>"; };
		7DA5E2201C7868BD000F9BAE /* Persona.m */ = {isa = PBXFileReference; fileEncoding = 4; lastKnownFileType = sourcecode.c.objc; path = Persona.m; sourceTree = "<group>"; };
/* End PBXFileReference section */

/* Begin PBXFrameworksBuildPhase section */
		7DA5E2121C7867C0000F9BAE /* Frameworks */ = {
			isa = PBXFrameworksBuildPhase;
			buildActionMask = 2147483647;
			files = (
			);
			runOnlyForDeploymentPostprocessing = 0;
		};
/* End PBXFrameworksBuildPhase section */

/* Begin PBXGroup section */
		7DA5E20C1C7867C0000F9BAE = {
			isa = PBXGroup;
			children = (
				7DA5E2171C7867C0000F9BAE /* sabado20 */,
				7DA5E2161C7867C0000F9BAE /* Products */,
			);
			sourceTree = "<group>";
		};
		7DA5E2161C7867C0000F9BAE /* Products */ = {
			isa = PBXGroup;
			children = (
				7DA5E2151C7867C0000F9BAE /* sabado20 */,
			);
			name = Products;
			sourceTree = "<group>";
		};
		7DA5E2171C7867C0000F9BAE /* sabado20 */ = {
			isa = PBXGroup;
			children = (
				7DA5E2181C7867C0000F9BAE /* main.m */,
				7DA5E21F1C78687D000F9BAE /* Persona.h */,
				7DA5E2201C7868BD000F9BAE /* Persona.m */,
			);
			path = sabado20;
			sourceTree = "<group>";
		};
/* End PBXGroup section */

/* Begin PBXNativeTarget section */
		7DA5E2141C7867C0000F9BAE /* sabado20 */ = {
			isa = PBXNativeTarget;
			buildConfigurationList = 7DA5E21C1C7867C0000F9BAE /* Build configuration list for PBXNativeTarget "sabado20" */;
			buildPhases = (
				7DA5E2111C7867C0000F9BAE /* Sources */,
				7DA5E2121C7867C0000F9BAE /* Frameworks */,
				7DA5E2131C7867C0000F9BAE /* CopyFiles */,
			);
			buildRules = (
			);
			dependencies = (
			);
			name = sabado20;
			productName = sabado20;
			productReference = 7DA5E2151C7867C0000F9BAE /* sabado20 */;
			productType = "com.apple.product-type.tool";
		};
/* End PBXNativeTarget section */

/* Begin PBXProject section */
		7DA5E20D1C7867C0000F9BAE /* Project object */ = {
			isa = PBXProject;
			attributes = {
				LastUpgradeCheck = 0720;
				ORGANIZATIONNAME = usal;
				TargetAttributes = {
					7DA5E2141C7867C0000F9BAE = {
						CreatedOnToolsVersion = 7.2;
					};
				};
			};
			buildConfigurationList = 7DA5E2101C7867C0000F9BAE /* Build configuration list for PBXProject "sabado20" */;
			compatibilityVersion = "Xcode 3.2";
			developmentRegion = English;
			hasScannedForEncodings = 0;
			knownRegions = (
				en,
			);
			mainGroup = 7DA5E20C1C7867C0000F9BAE;
			productRefGroup = 7DA5E2161C7867C0000F9BAE /* Products */;
			projectDirPath = "";
			projectRoot = "";
			targets = (
				7DA5E2141C7867C0000F9BAE /* sabado20 */,
			);
		};
/* End PBXProject section */

/* Begin PBXSourcesBuildPhase section */
		7DA5E2111C7867C0000F9BAE /* Sources */ = {
			isa = PBXSourcesBuildPhase;
			buildActionMask = 2147483647;
			files = (
				7DA5E2211C7868BD000F9BAE /* Persona.m in Sources */,
				7DA5E2191C7867C0000F9BAE /* main.m in Sources */,
			);
			runOnlyForDeploymentPostprocessing = 0;
		};
/* End PBXSourcesBuildPhase section */

/* Begin XCBuildConfiguration section */
		7DA5E21A1C7867C0000F9BAE /* Debug */ = {
			isa = XCBuildConfiguration;
			buildSettings = {
				ALWAYS_SEARCH_USER_PATHS = NO;
				CLANG_CXX_LANGUAGE_STANDARD = "gnu++0x";
				CLANG_CXX_LIBRARY = "libc++";
				CLANG_ENABLE_MODULES = YES;
				CLANG_ENABLE_OBJC_ARC = YES;
				CLANG_WARN_BOOL_CONVERSION = YES;
				CLANG_WARN_CONSTANT_CONVERSION = YES;
				CLANG_WARN_DIRECT_OBJC_ISA_USAGE = YES_ERROR;
				CLANG_WARN_EMPTY_BODY = YES;
				CLANG_WARN_ENUM_CONVERSION = YES;
				CLANG_WARN_INT_CONVERSION = YES;
				CLANG_WARN_OBJC_ROOT_CLASS = YES_ERROR;
				CLANG_WARN_UNREACHABLE_CODE = YES;
				CLANG_WARN__DUPLICATE_METHOD_MATCH = YES;
				CODE_SIGN_IDENTITY = "-";
				COPY_PHASE_STRIP = NO;
				DEBUG_INFORMATION_FORMAT = dwarf;
				ENABLE_STRICT_OBJC_MSGSEND = YES;
				ENABLE_TESTABILITY = YES;
				GCC_C_LANGUAGE_STANDARD = gnu99;
				GCC_DYNAMIC_NO_PIC = NO;
				GCC_NO_COMMON_BLOCKS = YES;
				GCC_OPTIMIZATION_LEVEL = 0;
				GCC_PREPROCESSOR_DEFINITIONS = (
					"DEBUG=1",
					"$(inherited)",
				);
				GCC_WARN_64_TO_32_BIT_CONVERSION = YES;
				GCC_WARN_ABOUT_RETURN_TYPE = YES_ERROR;
				GCC_WARN_UNDECLARED_SELECTOR = YES;
				GCC_WARN_UNINITIALIZED_AUTOS = YES_AGGRESSIVE;
				GCC_WARN_UNUSED_FUNCTION = YES;
				GCC_WARN_UNUSED_VARIABLE = YES;
				MACOSX_DEPLOYMENT_TARGET = 10.10;
				MTL_ENABLE_DEBUG_INFO = YES;
				ONLY_ACTIVE_ARCH = YES;
				SDKROOT = macosx;
			};
			name = Debug;
		};
		7DA5E21B1C7867C0000F9BAE /* Release */ = {
			isa = XCBuildConfiguration;
			buildSettings = {
				ALWAYS_SEARCH_USER_PATHS = NO;
				CLANG_CXX_LANGUAGE_STANDARD = "gnu++0x";
				CLANG_CXX_LIBRARY = "libc++";
				CLANG_ENABLE_MODULES = YES;
				CLANG_ENABLE_OBJC_ARC = YES;
				CLANG_WARN_BOOL_CONVERSION = YES;
				CLANG_WARN_CONSTANT_CONVERSION = YES;
				CLANG_WARN_DIRECT_OBJC_ISA_USAGE = YES_ERROR;
				CLANG_WARN_EMPTY_BODY = YES;
				CLANG_WARN_ENUM_CONVERSION = YES;
				CLANG_WARN_INT_CONVERSION = YES;
				CLANG_WARN_OBJC_ROOT_CLASS = YES_ERROR;
				CLANG_WARN_UNREACHABLE_CODE = YES;
				CLANG_WARN__DUPLICATE_METHOD_MATCH = YES;
				CODE_SIGN_IDENTITY = "-";
				COPY_PHASE_STRIP = NO;
				DEBUG_INFORMATION_FORMAT = "dwarf-with-dsym";
				ENABLE_NS_ASSERTIONS = NO;
				ENABLE_STRICT_OBJC_MSGSEND = YES;
				GCC_C_LANGUAGE_STANDARD = gnu99;
				GCC_NO_COMMON_BLOCKS = YES;
				GCC_WARN_64_TO_32_BIT_CONVERSION = YES;
				GCC_WARN_ABOUT_RETURN_TYPE = YES_ERROR;
				GCC_WARN_UNDECLARED_SELECTOR = YES;
				GCC_WARN_UNINITIALIZED_AUTOS = YES_AGGRESSIVE;
				GCC_WARN_UNUSED_FUNCTION = YES;
				GCC_WARN_UNUSED_VARIABLE = YES;
				MACOSX_DEPLOYMENT_TARGET = 10.10;
				MTL_ENABLE_DEBUG_INFO = NO;
				SDKROOT = macosx;
			};
			name = Release;
		};
		7DA5E21D1C7867C0000F9BAE /* Debug */ = {
			isa = XCBuildConfiguration;
			buildSettings = {
				PRODUCT_NAME = "$(TARGET_NAME)";
			};
			name = Debug;
		};
		7DA5E21E1C7867C0000F9BAE /* Release */ = {
			isa = XCBuildConfiguration;
			buildSettings = {
				PRODUCT_NAME = "$(TARGET_NAME)";
			};
			name = Release;
		};
/* End XCBuildConfiguration section */

/* Begin XCConfigurationList section */
		7DA5E2101C7867C0000F9BAE /* Build configuration list for PBXProject "sabado20" */ = {
			isa = XCConfigurationList;
			buildConfigurations = (
				7DA5E21A1C7867C0000F9BAE /* Debug */,
				7DA5E21B1C7867C0000F9BAE /* Release */,
			);
			defaultConfigurationIsVisible = 0;
			defaultConfigurationName = Release;
		};
		7DA5E21C1C7867C0000F9BAE /* Build configuration list for PBXNativeTarget "sabado20" */ = {
			isa = XCConfigurationList;
			buildConfigurations = (
				7DA5E21D1C7867C0000F9BAE /* Debug */,
				7DA5E21E1C7867C0000F9BAE /* Release */,
			);
			defaultConfigurationIsVisible = 0;
		};
/* End XCConfigurationList section */
	};
	rootObject = 7DA5E20D1C7867C0000F9BAE /* Project object */;
}
