// !$*UTF8*$!
{
	archiveVersion = 1;
	classes = {
	};
	objectVersion = 46;
	objects = {

/* Begin PBXBuildFile section */
		5B2BA9CA1C89E04D0029FEDF /* main.m in Sources */ = {isa = PBXBuildFile; fileRef = 5B2BA9C91C89E04D0029FEDF /* main.m */; };
		5B2BA9CD1C89E04D0029FEDF /* AppDelegate.m in Sources */ = {isa = PBXBuildFile; fileRef = 5B2BA9CC1C89E04D0029FEDF /* AppDelegate.m */; };
		5B2BA9D31C89E04D0029FEDF /* Main.storyboard in Resources */ = {isa = PBXBuildFile; fileRef = 5B2BA9D11C89E04D0029FEDF /* Main.storyboard */; };
		5B2BA9D51C89E04D0029FEDF /* Assets.xcassets in Resources */ = {isa = PBXBuildFile; fileRef = 5B2BA9D41C89E04D0029FEDF /* Assets.xcassets */; };
		5B2BA9D81C89E04D0029FEDF /* LaunchScreen.storyboard in Resources */ = {isa = PBXBuildFile; fileRef = 5B2BA9D61C89E04D0029FEDF /* LaunchScreen.storyboard */; };
		5B2BA9E11C89E0D50029FEDF /* LoginViewController.m in Sources */ = {isa = PBXBuildFile; fileRef = 5B2BA9E01C89E0D50029FEDF /* LoginViewController.m */; };
/* End PBXBuildFile section */

/* Begin PBXFileReference section */
		5B2BA9C51C89E04D0029FEDF /* Login.app */ = {isa = PBXFileReference; explicitFileType = wrapper.application; includeInIndex = 0; path = Login.app; sourceTree = BUILT_PRODUCTS_DIR; };
		5B2BA9C91C89E04D0029FEDF /* main.m */ = {isa = PBXFileReference; lastKnownFileType = sourcecode.c.objc; path = main.m; sourceTree = "<group>"; };
		5B2BA9CB1C89E04D0029FEDF /* AppDelegate.h */ = {isa = PBXFileReference; lastKnownFileType = sourcecode.c.h; path = AppDelegate.h; sourceTree = "<group>"; };
		5B2BA9CC1C89E04D0029FEDF /* AppDelegate.m */ = {isa = PBXFileReference; lastKnownFileType = sourcecode.c.objc; path = AppDelegate.m; sourceTree = "<group>"; };
		5B2BA9D21C89E04D0029FEDF /* Base */ = {isa = PBXFileReference; lastKnownFileType = file.storyboard; name = Base; path = Base.lproj/Main.storyboard; sourceTree = "<group>"; };
		5B2BA9D41C89E04D0029FEDF /* Assets.xcassets */ = {isa = PBXFileReference; lastKnownFileType = folder.assetcatalog; path = Assets.xcassets; sourceTree = "<group>"; };
		5B2BA9D71C89E04D0029FEDF /* Base */ = {isa = PBXFileReference; lastKnownFileType = file.storyboard; name = Base; path = Base.lproj/LaunchScreen.storyboard; sourceTree = "<group>"; };
		5B2BA9D91C89E04D0029FEDF /* Info.plist */ = {isa = PBXFileReference; lastKnownFileType = text.plist.xml; path = Info.plist; sourceTree = "<group>"; };
		5B2BA9DF1C89E0D50029FEDF /* LoginViewController.h */ = {isa = PBXFileReference; fileEncoding = 4; lastKnownFileType = sourcecode.c.h; path = LoginViewController.h; sourceTree = "<group>"; };
		5B2BA9E01C89E0D50029FEDF /* LoginViewController.m */ = {isa = PBXFileReference; fileEncoding = 4; lastKnownFileType = sourcecode.c.objc; path = LoginViewController.m; sourceTree = "<group>"; };
/* End PBXFileReference section */

/* Begin PBXFrameworksBuildPhase section */
		5B2BA9C21C89E04D0029FEDF /* Frameworks */ = {
			isa = PBXFrameworksBuildPhase;
			buildActionMask = 2147483647;
			files = (
			);
			runOnlyForDeploymentPostprocessing = 0;
		};
/* End PBXFrameworksBuildPhase section */

/* Begin PBXGroup section */
		5B2BA9BC1C89E04D0029FEDF = {
			isa = PBXGroup;
			children = (
				5B2BA9C71C89E04D0029FEDF /* Login */,
				5B2BA9C61C89E04D0029FEDF /* Products */,
			);
			sourceTree = "<group>";
		};
		5B2BA9C61C89E04D0029FEDF /* Products */ = {
			isa = PBXGroup;
			children = (
				5B2BA9C51C89E04D0029FEDF /* Login.app */,
			);
			name = Products;
			sourceTree = "<group>";
		};
		5B2BA9C71C89E04D0029FEDF /* Login */ = {
			isa = PBXGroup;
			children = (
				5B2BA9CB1C89E04D0029FEDF /* AppDelegate.h */,
				5B2BA9CC1C89E04D0029FEDF /* AppDelegate.m */,
				5B2BA9D11C89E04D0029FEDF /* Main.storyboard */,
				5B2BA9D41C89E04D0029FEDF /* Assets.xcassets */,
				5B2BA9D61C89E04D0029FEDF /* LaunchScreen.storyboard */,
				5B2BA9D91C89E04D0029FEDF /* Info.plist */,
				5B2BA9C81C89E04D0029FEDF /* Supporting Files */,
				5B2BA9DF1C89E0D50029FEDF /* LoginViewController.h */,
				5B2BA9E01C89E0D50029FEDF /* LoginViewController.m */,
			);
			path = Login;
			sourceTree = "<group>";
		};
		5B2BA9C81C89E04D0029FEDF /* Supporting Files */ = {
			isa = PBXGroup;
			children = (
				5B2BA9C91C89E04D0029FEDF /* main.m */,
			);
			name = "Supporting Files";
			sourceTree = "<group>";
		};
/* End PBXGroup section */

/* Begin PBXNativeTarget section */
		5B2BA9C41C89E04D0029FEDF /* Login */ = {
			isa = PBXNativeTarget;
			buildConfigurationList = 5B2BA9DC1C89E04D0029FEDF /* Build configuration list for PBXNativeTarget "Login" */;
			buildPhases = (
				5B2BA9C11C89E04D0029FEDF /* Sources */,
				5B2BA9C21C89E04D0029FEDF /* Frameworks */,
				5B2BA9C31C89E04D0029FEDF /* Resources */,
			);
			buildRules = (
			);
			dependencies = (
			);
			name = Login;
			productName = Login;
			productReference = 5B2BA9C51C89E04D0029FEDF /* Login.app */;
			productType = "com.apple.product-type.application";
		};
/* End PBXNativeTarget section */

/* Begin PBXProject section */
		5B2BA9BD1C89E04D0029FEDF /* Project object */ = {
			isa = PBXProject;
			attributes = {
				LastUpgradeCheck = 0720;
				ORGANIZATIONNAME = USAL;
				TargetAttributes = {
					5B2BA9C41C89E04D0029FEDF = {
						CreatedOnToolsVersion = 7.2.1;
						DevelopmentTeam = U3H82UJ357;
					};
				};
			};
			buildConfigurationList = 5B2BA9C01C89E04D0029FEDF /* Build configuration list for PBXProject "Login" */;
			compatibilityVersion = "Xcode 3.2";
			developmentRegion = English;
			hasScannedForEncodings = 0;
			knownRegions = (
				en,
				Base,
			);
			mainGroup = 5B2BA9BC1C89E04D0029FEDF;
			productRefGroup = 5B2BA9C61C89E04D0029FEDF /* Products */;
			projectDirPath = "";
			projectRoot = "";
			targets = (
				5B2BA9C41C89E04D0029FEDF /* Login */,
			);
		};
/* End PBXProject section */

/* Begin PBXResourcesBuildPhase section */
		5B2BA9C31C89E04D0029FEDF /* Resources */ = {
			isa = PBXResourcesBuildPhase;
			buildActionMask = 2147483647;
			files = (
				5B2BA9D81C89E04D0029FEDF /* LaunchScreen.storyboard in Resources */,
				5B2BA9D51C89E04D0029FEDF /* Assets.xcassets in Resources */,
				5B2BA9D31C89E04D0029FEDF /* Main.storyboard in Resources */,
			);
			runOnlyForDeploymentPostprocessing = 0;
		};
/* End PBXResourcesBuildPhase section */

/* Begin PBXSourcesBuildPhase section */
		5B2BA9C11C89E04D0029FEDF /* Sources */ = {
			isa = PBXSourcesBuildPhase;
			buildActionMask = 2147483647;
			files = (
				5B2BA9CD1C89E04D0029FEDF /* AppDelegate.m in Sources */,
				5B2BA9CA1C89E04D0029FEDF /* main.m in Sources */,
				5B2BA9E11C89E0D50029FEDF /* LoginViewController.m in Sources */,
			);
			runOnlyForDeploymentPostprocessing = 0;
		};
/* End PBXSourcesBuildPhase section */

/* Begin PBXVariantGroup section */
		5B2BA9D11C89E04D0029FEDF /* Main.storyboard */ = {
			isa = PBXVariantGroup;
			children = (
				5B2BA9D21C89E04D0029FEDF /* Base */,
			);
			name = Main.storyboard;
			sourceTree = "<group>";
		};
		5B2BA9D61C89E04D0029FEDF /* LaunchScreen.storyboard */ = {
			isa = PBXVariantGroup;
			children = (
				5B2BA9D71C89E04D0029FEDF /* Base */,
			);
			name = LaunchScreen.storyboard;
			sourceTree = "<group>";
		};
/* End PBXVariantGroup section */

/* Begin XCBuildConfiguration section */
		5B2BA9DA1C89E04D0029FEDF /* Debug */ = {
			isa = XCBuildConfiguration;
			buildSettings = {
				ALWAYS_SEARCH_USER_PATHS = NO;
				CLANG_CXX_LANGUAGE_STANDARD = "gnu++0x";
				CLANG_CXX_LIBRARY = "libc++";
				CLANG_ENABLE_MODULES = YES;
				CLANG_ENABLE_OBJC_ARC = YES;
				CLANG_WARN_BOOL_CONVERSION = YES;
				CLANG_WARN_CONSTANT_CONVERSION = YES;
				CLANG_WARN_DIRECT_OBJC_ISA_USAGE = YES_ERROR;
				CLANG_WARN_EMPTY_BODY = YES;
				CLANG_WARN_ENUM_CONVERSION = YES;
				CLANG_WARN_INT_CONVERSION = YES;
				CLANG_WARN_OBJC_ROOT_CLASS = YES_ERROR;
				CLANG_WARN_UNREACHABLE_CODE = YES;
				CLANG_WARN__DUPLICATE_METHOD_MATCH = YES;
				"CODE_SIGN_IDENTITY[sdk=iphoneos*]" = "iPhone Developer";
				COPY_PHASE_STRIP = NO;
				DEBUG_INFORMATION_FORMAT = dwarf;
				ENABLE_STRICT_OBJC_MSGSEND = YES;
				ENABLE_TESTABILITY = YES;
				GCC_C_LANGUAGE_STANDARD = gnu99;
				GCC_DYNAMIC_NO_PIC = NO;
				GCC_NO_COMMON_BLOCKS = YES;
				GCC_OPTIMIZATION_LEVEL = 0;
				GCC_PREPROCESSOR_DEFINITIONS = (
					"DEBUG=1",
					"$(inherited)",
				);
				GCC_WARN_64_TO_32_BIT_CONVERSION = YES;
				GCC_WARN_ABOUT_RETURN_TYPE = YES_ERROR;
				GCC_WARN_UNDECLARED_SELECTOR = YES;
				GCC_WARN_UNINITIALIZED_AUTOS = YES_AGGRESSIVE;
				GCC_WARN_UNUSED_FUNCTION = YES;
				GCC_WARN_UNUSED_VARIABLE = YES;
				IPHONEOS_DEPLOYMENT_TARGET = 9.2;
				MTL_ENABLE_DEBUG_INFO = YES;
				ONLY_ACTIVE_ARCH = YES;
				SDKROOT = iphoneos;
				TARGETED_DEVICE_FAMILY = "1,2";
			};
			name = Debug;
		};
		5B2BA9DB1C89E04D0029FEDF /* Release */ = {
			isa = XCBuildConfiguration;
			buildSettings = {
				ALWAYS_SEARCH_USER_PATHS = NO;
				CLANG_CXX_LANGUAGE_STANDARD = "gnu++0x";
				CLANG_CXX_LIBRARY = "libc++";
				CLANG_ENABLE_MODULES = YES;
				CLANG_ENABLE_OBJC_ARC = YES;
				CLANG_WARN_BOOL_CONVERSION = YES;
				CLANG_WARN_CONSTANT_CONVERSION = YES;
				CLANG_WARN_DIRECT_OBJC_ISA_USAGE = YES_ERROR;
				CLANG_WARN_EMPTY_BODY = YES;
				CLANG_WARN_ENUM_CONVERSION = YES;
				CLANG_WARN_INT_CONVERSION = YES;
				CLANG_WARN_OBJC_ROOT_CLASS = YES_ERROR;
				CLANG_WARN_UNREACHABLE_CODE = YES;
				CLANG_WARN__DUPLICATE_METHOD_MATCH = YES;
				"CODE_SIGN_IDENTITY[sdk=iphoneos*]" = "iPhone Developer";
				COPY_PHASE_STRIP = NO;
				DEBUG_INFORMATION_FORMAT = "dwarf-with-dsym";
				ENABLE_NS_ASSERTIONS = NO;
				ENABLE_STRICT_OBJC_MSGSEND = YES;
				GCC_C_LANGUAGE_STANDARD = gnu99;
				GCC_NO_COMMON_BLOCKS = YES;
				GCC_WARN_64_TO_32_BIT_CONVERSION = YES;
				GCC_WARN_ABOUT_RETURN_TYPE = YES_ERROR;
				GCC_WARN_UNDECLARED_SELECTOR = YES;
				GCC_WARN_UNINITIALIZED_AUTOS = YES_AGGRESSIVE;
				GCC_WARN_UNUSED_FUNCTION = YES;
				GCC_WARN_UNUSED_VARIABLE = YES;
				IPHONEOS_DEPLOYMENT_TARGET = 9.2;
				MTL_ENABLE_DEBUG_INFO = NO;
				SDKROOT = iphoneos;
				TARGETED_DEVICE_FAMILY = "1,2";
				VALIDATE_PRODUCT = YES;
			};
			name = Release;
		};
		5B2BA9DD1C89E04D0029FEDF /* Debug */ = {
			isa = XCBuildConfiguration;
			buildSettings = {
				ASSETCATALOG_COMPILER_APPICON_NAME = AppIcon;
				INFOPLIST_FILE = Login/Info.plist;
				LD_RUNPATH_SEARCH_PATHS = "$(inherited) @executable_path/Frameworks";
				PRODUCT_BUNDLE_IDENTIFIER = es.usal.Login;
				PRODUCT_NAME = "$(TARGET_NAME)";
			};
			name = Debug;
		};
		5B2BA9DE1C89E04D0029FEDF /* Release */ = {
			isa = XCBuildConfiguration;
			buildSettings = {
				ASSETCATALOG_COMPILER_APPICON_NAME = AppIcon;
				INFOPLIST_FILE = Login/Info.plist;
				LD_RUNPATH_SEARCH_PATHS = "$(inherited) @executable_path/Frameworks";
				PRODUCT_BUNDLE_IDENTIFIER = es.usal.Login;
				PRODUCT_NAME = "$(TARGET_NAME)";
			};
			name = Release;
		};
/* End XCBuildConfiguration section */

/* Begin XCConfigurationList section */
		5B2BA9C01C89E04D0029FEDF /* Build configuration list for PBXProject "Login" */ = {
			isa = XCConfigurationList;
			buildConfigurations = (
				5B2BA9DA1C89E04D0029FEDF /* Debug */,
				5B2BA9DB1C89E04D0029FEDF /* Release */,
			);
			defaultConfigurationIsVisible = 0;
			defaultConfigurationName = Release;
		};
		5B2BA9DC1C89E04D0029FEDF /* Build configuration list for PBXNativeTarget "Login" */ = {
			isa = XCConfigurationList;
			buildConfigurations = (
				5B2BA9DD1C89E04D0029FEDF /* Debug */,
				5B2BA9DE1C89E04D0029FEDF /* Release */,
			);
			defaultConfigurationIsVisible = 0;
		};
/* End XCConfigurationList section */
	};
	rootObject = 5B2BA9BD1C89E04D0029FEDF /* Project object */;
}
